dependencies:
- name: jagabank-common
  repository: file://../../jagabank-common
  version: 0.1.0
- name: configserver
  repository: file://../../jagabank-services/configserver
  version: 0.1.0
- name: accounts
  repository: file://../../jagabank-services/accounts
  version: 0.1.0
- name: cards
  repository: file://../../jagabank-services/cards
  version: 0.1.0
- name: loans
  repository: file://../../jagabank-services/loans
  version: 0.1.0
- name: gatewayserver
  repository: file://../../jagabank-services/gatewayserver
  version: 0.1.0
- name: message
  repository: file://../../jagabank-services/message
  version: 0.1.0
digest: sha256:bd2d3127ccd04cf1cfc79ac3bf54732ab8d69551cf1643507b457f4a7da95d73
generated: "2025-06-21T13:53:51.5162364+05:30"
